
Microsoft Visual Studio Solution File, Format Version 12.00
# Visual Studio Version 16
VisualStudioVersion = 16.0.29020.237
MinimumVisualStudioVersion = 10.0.40219.1
Project("{FAE04EC0-301F-11D3-BF4B-00C04F79EFBC}") = "ProyectoPICA_CIAN", "ProyectoPICA_CIAN\ProyectoPICA_CIAN.csproj", "{1AE547A1-85AC-401A-BD5D-6558F9039B94}"
EndProject
Global
	GlobalSection(SolutionConfigurationPlatforms) = preSolution
		Debug|Any CPU = Debug|Any CPU
		Release|Any CPU = Release|Any CPU
	EndGlobalSection
	GlobalSection(ProjectConfigurationPlatforms) = postSolution
		{1AE547A1-85AC-401A-BD5D-6558F9039B94}.Debug|Any CPU.ActiveCfg = Debug|Any CPU
		{1AE547A1-85AC-401A-BD5D-6558F9039B94}.Debug|Any CPU.Build.0 = Debug|Any CPU
		{1AE547A1-85AC-401A-BD5D-6558F9039B94}.Release|Any CPU.ActiveCfg = Release|Any CPU
		{1AE547A1-85AC-401A-BD5D-6558F9039B94}.Release|Any CPU.Build.0 = Release|Any CPU
	EndGlobalSection
	GlobalSection(SolutionProperties) = preSolution
		HideSolutionNode = FALSE
	EndGlobalSection
	GlobalSection(ExtensibilityGlobals) = postSolution
		SolutionGuid = {78F72AA3-3C2F-4D41-A669-A2B6B423FB2E}
	EndGlobalSection
EndGlobal
